
Microsoft Visual Studio Solution File, Format Version 12.00
# Visual Studio Version 17
VisualStudioVersion = 17.2.32616.157
MinimumVisualStudioVersion = 10.0.40219.1
Project("{FAE04EC0-301F-11D3-BF4B-00C04F79EFBC}") = "MovieShopMVC", "MovieShopMVC\MovieShopMVC.csproj", "{A28D2A53-3C13-49DA-8F6D-85287999B11F}"
EndProject
Project("{FAE04EC0-301F-11D3-BF4B-00C04F79EFBC}") = "ApplicationCore", "ApplicationCore\ApplicationCore.csproj", "{D0BBE7F3-8EC0-44DA-8349-32C6AD533825}"
EndProject
Project("{FAE04EC0-301F-11D3-BF4B-00C04F79EFBC}") = "Infrastructure", "Infrastructure\Infrastructure.csproj", "{CF58ADC5-4992-4404-8F46-A9D193B014A2}"
EndProject
Global
	GlobalSection(SolutionConfigurationPlatforms) = preSolution
		Debug|Any CPU = Debug|Any CPU
		Release|Any CPU = Release|Any CPU
	EndGlobalSection
	GlobalSection(ProjectConfigurationPlatforms) = postSolution
		{A28D2A53-3C13-49DA-8F6D-85287999B11F}.Debug|Any CPU.ActiveCfg = Debug|Any CPU
		{A28D2A53-3C13-49DA-8F6D-85287999B11F}.Debug|Any CPU.Build.0 = Debug|Any CPU
		{A28D2A53-3C13-49DA-8F6D-85287999B11F}.Release|Any CPU.ActiveCfg = Release|Any CPU
		{A28D2A53-3C13-49DA-8F6D-85287999B11F}.Release|Any CPU.Build.0 = Release|Any CPU
		{D0BBE7F3-8EC0-44DA-8349-32C6AD533825}.Debug|Any CPU.ActiveCfg = Debug|Any CPU
		{D0BBE7F3-8EC0-44DA-8349-32C6AD533825}.Debug|Any CPU.Build.0 = Debug|Any CPU
		{D0BBE7F3-8EC0-44DA-8349-32C6AD533825}.Release|Any CPU.ActiveCfg = Release|Any CPU
		{D0BBE7F3-8EC0-44DA-8349-32C6AD533825}.Release|Any CPU.Build.0 = Release|Any CPU
		{CF58ADC5-4992-4404-8F46-A9D193B014A2}.Debug|Any CPU.ActiveCfg = Debug|Any CPU
		{CF58ADC5-4992-4404-8F46-A9D193B014A2}.Debug|Any CPU.Build.0 = Debug|Any CPU
		{CF58ADC5-4992-4404-8F46-A9D193B014A2}.Release|Any CPU.ActiveCfg = Release|Any CPU
		{CF58ADC5-4992-4404-8F46-A9D193B014A2}.Release|Any CPU.Build.0 = Release|Any CPU
	EndGlobalSection
	GlobalSection(SolutionProperties) = preSolution
		HideSolutionNode = FALSE
	EndGlobalSection
	GlobalSection(ExtensibilityGlobals) = postSolution
		SolutionGuid = {8B8080FD-03C8-4667-88C5-A8EA98D91D22}
	EndGlobalSection
EndGlobal
